
Microsoft Visual Studio Solution File, Format Version 12.00
# Visual Studio Version 17
VisualStudioVersion = 17.14.37012.4 d17.14
MinimumVisualStudioVersion = 10.0.40219.1
Project("{D2ABAB84-BF74-430A-B69E-9DC6D40DDA17}") = "CarSalesCube", "CarSalesCube\CarSalesCube.dwproj", "{51150885-93FF-EC97-BBF3-B2AD1D83E57E}"
EndProject
Global
	GlobalSection(SolutionConfigurationPlatforms) = preSolution
		Development|Default = Development|Default
	EndGlobalSection
	GlobalSection(ProjectConfigurationPlatforms) = postSolution
		{51150885-93FF-EC97-BBF3-B2AD1D83E57E}.Development|Default.ActiveCfg = Development
		{51150885-93FF-EC97-BBF3-B2AD1D83E57E}.Development|Default.Build.0 = Development
		{51150885-93FF-EC97-BBF3-B2AD1D83E57E}.Development|Default.Deploy.0 = Development
	EndGlobalSection
	GlobalSection(SolutionProperties) = preSolution
		HideSolutionNode = FALSE
	EndGlobalSection
	GlobalSection(ExtensibilityGlobals) = postSolution
		SolutionGuid = {4F2BBB2A-B22C-4AFD-8F46-5D812F9E258A}
	EndGlobalSection
EndGlobal
